# THIS IS AN AUTOGENERATED FILE. DO NOT EDIT THIS FILE DIRECTLY.
# yarn lockfile v1


"@privscope/priv-package@^1.0.0":
  version "1.0.0"
  resolved "http://devfu-registry.flowbyte.net/@privscope%2fpriv-package/-/priv-package-1.0.0.tgz#9953f9d9363d54949608c9d1d04d952e13513d7e"

jquery@^2.1.2:
  version "2.2.4"
  resolved "https://registry.yarnpkg.com/jquery/-/jquery-2.2.4.tgz#2c89d6889b5eac522a7eea32c14521559c6cbf02"
